// !$*UTF8*$!
{
	archiveVersion = 1;
	classes = {
	};
	objectVersion = 50;
	objects = {

/* Begin PBXBuildFile section */
		4157513EC7BC834A5AE64521 /* Pods_MailerLite.framework in Frameworks */ = {isa = PBXBuildFile; fileRef = 7C557915191B993A1A05F8F0 /* Pods_MailerLite.framework */; };
		85372C1B221B06DE00122BFD /* AppDelegate.swift in Sources */ = {isa = PBXBuildFile; fileRef = 85372C1A221B06DE00122BFD /* AppDelegate.swift */; };
		85372C1D221B06DE00122BFD /* SubscriberListViewController.swift in Sources */ = {isa = PBXBuildFile; fileRef = 85372C1C221B06DE00122BFD /* SubscriberListViewController.swift */; };
		85372C20221B06DE00122BFD /* Main.storyboard in Resources */ = {isa = PBXBuildFile; fileRef = 85372C1E221B06DE00122BFD /* Main.storyboard */; };
		85372C22221B06E100122BFD /* Assets.xcassets in Resources */ = {isa = PBXBuildFile; fileRef = 85372C21221B06E100122BFD /* Assets.xcassets */; };
		85372C25221B06E100122BFD /* LaunchScreen.storyboard in Resources */ = {isa = PBXBuildFile; fileRef = 85372C23221B06E100122BFD /* LaunchScreen.storyboard */; };
		85372C2E221B125600122BFD /* GoogleService-Info.plist in Resources */ = {isa = PBXBuildFile; fileRef = 85372C2D221B125600122BFD /* GoogleService-Info.plist */; };
		85372C35221B50FB00122BFD /* FirebaseService.swift in Sources */ = {isa = PBXBuildFile; fileRef = 85372C34221B50FB00122BFD /* FirebaseService.swift */; };
		85372C37221B51E800122BFD /* FirebaseServiceFactory.swift in Sources */ = {isa = PBXBuildFile; fileRef = 85372C36221B51E800122BFD /* FirebaseServiceFactory.swift */; };
		85372C39221B546600122BFD /* Constants.swift in Sources */ = {isa = PBXBuildFile; fileRef = 85372C38221B546600122BFD /* Constants.swift */; };
		85372C3C221B586500122BFD /* Subscriber.swift in Sources */ = {isa = PBXBuildFile; fileRef = 85372C3B221B586500122BFD /* Subscriber.swift */; };
		85372C3E221B6E8200122BFD /* MLNavigationController.swift in Sources */ = {isa = PBXBuildFile; fileRef = 85372C3D221B6E8200122BFD /* MLNavigationController.swift */; };
		85372C41221B6F5100122BFD /* UIColorExtension.swift in Sources */ = {isa = PBXBuildFile; fileRef = 85372C40221B6F5100122BFD /* UIColorExtension.swift */; };
		85372C4F221BD8CB00122BFD /* OpenSans-Semibold.ttf in Resources */ = {isa = PBXBuildFile; fileRef = 85372C45221BD8CB00122BFD /* OpenSans-Semibold.ttf */; };
		85372C50221BD8CB00122BFD /* OpenSans-Light.ttf in Resources */ = {isa = PBXBuildFile; fileRef = 85372C46221BD8CB00122BFD /* OpenSans-Light.ttf */; };
		85372C51221BD8CB00122BFD /* OpenSans-Italic.ttf in Resources */ = {isa = PBXBuildFile; fileRef = 85372C47221BD8CB00122BFD /* OpenSans-Italic.ttf */; };
		85372C52221BD8CB00122BFD /* OpenSans-ExtraBold.ttf in Resources */ = {isa = PBXBuildFile; fileRef = 85372C48221BD8CB00122BFD /* OpenSans-ExtraBold.ttf */; };
		85372C53221BD8CB00122BFD /* OpenSans-LightItalic.ttf in Resources */ = {isa = PBXBuildFile; fileRef = 85372C49221BD8CB00122BFD /* OpenSans-LightItalic.ttf */; };
		85372C54221BD8CB00122BFD /* OpenSans-Bold.ttf in Resources */ = {isa = PBXBuildFile; fileRef = 85372C4A221BD8CB00122BFD /* OpenSans-Bold.ttf */; };
		85372C55221BD8CB00122BFD /* OpenSans-SemiboldItalic.ttf in Resources */ = {isa = PBXBuildFile; fileRef = 85372C4B221BD8CB00122BFD /* OpenSans-SemiboldItalic.ttf */; };
		85372C56221BD8CB00122BFD /* OpenSans-ExtraBoldItalic.ttf in Resources */ = {isa = PBXBuildFile; fileRef = 85372C4C221BD8CB00122BFD /* OpenSans-ExtraBoldItalic.ttf */; };
		85372C57221BD8CB00122BFD /* OpenSans-Regular.ttf in Resources */ = {isa = PBXBuildFile; fileRef = 85372C4D221BD8CB00122BFD /* OpenSans-Regular.ttf */; };
		85372C58221BD8CB00122BFD /* OpenSans-BoldItalic.ttf in Resources */ = {isa = PBXBuildFile; fileRef = 85372C4E221BD8CB00122BFD /* OpenSans-BoldItalic.ttf */; };
		85372C5A221BD93600122BFD /* Appearance.swift in Sources */ = {isa = PBXBuildFile; fileRef = 85372C59221BD93600122BFD /* Appearance.swift */; };
		85372C5C221C7C8F00122BFD /* SubscriberListItem.swift in Sources */ = {isa = PBXBuildFile; fileRef = 85372C5B221C7C8F00122BFD /* SubscriberListItem.swift */; };
		85372C5E221C819000122BFD /* SubscriberListSectionController.swift in Sources */ = {isa = PBXBuildFile; fileRef = 85372C5D221C819000122BFD /* SubscriberListSectionController.swift */; };
		85372C63221C88D100122BFD /* SubscriberListItemCell.swift in Sources */ = {isa = PBXBuildFile; fileRef = 85372C61221C88D100122BFD /* SubscriberListItemCell.swift */; };
		85372C64221C88D100122BFD /* SubscriberListItemCell.xib in Resources */ = {isa = PBXBuildFile; fileRef = 85372C62221C88D100122BFD /* SubscriberListItemCell.xib */; };
		85372C66221CAAA300122BFD /* SubscriberListDataSource.swift in Sources */ = {isa = PBXBuildFile; fileRef = 85372C65221CAAA300122BFD /* SubscriberListDataSource.swift */; };
/* End PBXBuildFile section */

/* Begin PBXFileReference section */
		1A4B26E27682137E2200D405 /* Pods-MailerLite.debug.xcconfig */ = {isa = PBXFileReference; includeInIndex = 1; lastKnownFileType = text.xcconfig; name = "Pods-MailerLite.debug.xcconfig"; path = "Pods/Target Support Files/Pods-MailerLite/Pods-MailerLite.debug.xcconfig"; sourceTree = "<group>"; };
		7C557915191B993A1A05F8F0 /* Pods_MailerLite.framework */ = {isa = PBXFileReference; explicitFileType = wrapper.framework; includeInIndex = 0; path = Pods_MailerLite.framework; sourceTree = BUILT_PRODUCTS_DIR; };
		85372C17221B06DE00122BFD /* MailerLite.app */ = {isa = PBXFileReference; explicitFileType = wrapper.application; includeInIndex = 0; path = MailerLite.app; sourceTree = BUILT_PRODUCTS_DIR; };
		85372C1A221B06DE00122BFD /* AppDelegate.swift */ = {isa = PBXFileReference; lastKnownFileType = sourcecode.swift; path = AppDelegate.swift; sourceTree = "<group>"; };
		85372C1C221B06DE00122BFD /* SubscriberListViewController.swift */ = {isa = PBXFileReference; lastKnownFileType = sourcecode.swift; path = SubscriberListViewController.swift; sourceTree = "<group>"; };
		85372C1F221B06DE00122BFD /* Base */ = {isa = PBXFileReference; lastKnownFileType = file.storyboard; name = Base; path = Base.lproj/Main.storyboard; sourceTree = "<group>"; };
		85372C21221B06E100122BFD /* Assets.xcassets */ = {isa = PBXFileReference; lastKnownFileType = folder.assetcatalog; path = Assets.xcassets; sourceTree = "<group>"; };
		85372C24221B06E100122BFD /* Base */ = {isa = PBXFileReference; lastKnownFileType = file.storyboard; name = Base; path = Base.lproj/LaunchScreen.storyboard; sourceTree = "<group>"; };
		85372C26221B06E100122BFD /* Info.plist */ = {isa = PBXFileReference; lastKnownFileType = text.plist.xml; path = Info.plist; sourceTree = "<group>"; };
		85372C2D221B125600122BFD /* GoogleService-Info.plist */ = {isa = PBXFileReference; fileEncoding = 4; lastKnownFileType = text.plist.xml; path = "GoogleService-Info.plist"; sourceTree = "<group>"; };
		85372C34221B50FB00122BFD /* FirebaseService.swift */ = {isa = PBXFileReference; lastKnownFileType = sourcecode.swift; path = FirebaseService.swift; sourceTree = "<group>"; };
		85372C36221B51E800122BFD /* FirebaseServiceFactory.swift */ = {isa = PBXFileReference; lastKnownFileType = sourcecode.swift; path = FirebaseServiceFactory.swift; sourceTree = "<group>"; };
		85372C38221B546600122BFD /* Constants.swift */ = {isa = PBXFileReference; lastKnownFileType = sourcecode.swift; path = Constants.swift; sourceTree = "<group>"; };
		85372C3B221B586500122BFD /* Subscriber.swift */ = {isa = PBXFileReference; lastKnownFileType = sourcecode.swift; path = Subscriber.swift; sourceTree = "<group>"; };
		85372C3D221B6E8200122BFD /* MLNavigationController.swift */ = {isa = PBXFileReference; lastKnownFileType = sourcecode.swift; path = MLNavigationController.swift; sourceTree = "<group>"; };
		85372C40221B6F5100122BFD /* UIColorExtension.swift */ = {isa = PBXFileReference; lastKnownFileType = sourcecode.swift; path = UIColorExtension.swift; sourceTree = "<group>"; };
		85372C45221BD8CB00122BFD /* OpenSans-Semibold.ttf */ = {isa = PBXFileReference; lastKnownFileType = file; path = "OpenSans-Semibold.ttf"; sourceTree = "<group>"; };
		85372C46221BD8CB00122BFD /* OpenSans-Light.ttf */ = {isa = PBXFileReference; lastKnownFileType = file; path = "OpenSans-Light.ttf"; sourceTree = "<group>"; };
		85372C47221BD8CB00122BFD /* OpenSans-Italic.ttf */ = {isa = PBXFileReference; lastKnownFileType = file; path = "OpenSans-Italic.ttf"; sourceTree = "<group>"; };
		85372C48221BD8CB00122BFD /* OpenSans-ExtraBold.ttf */ = {isa = PBXFileReference; lastKnownFileType = file; path = "OpenSans-ExtraBold.ttf"; sourceTree = "<group>"; };
		85372C49221BD8CB00122BFD /* OpenSans-LightItalic.ttf */ = {isa = PBXFileReference; lastKnownFileType = file; path = "OpenSans-LightItalic.ttf"; sourceTree = "<group>"; };
		85372C4A221BD8CB00122BFD /* OpenSans-Bold.ttf */ = {isa = PBXFileReference; lastKnownFileType = file; path = "OpenSans-Bold.ttf"; sourceTree = "<group>"; };
		85372C4B221BD8CB00122BFD /* OpenSans-SemiboldItalic.ttf */ = {isa = PBXFileReference; lastKnownFileType = file; path = "OpenSans-SemiboldItalic.ttf"; sourceTree = "<group>"; };
		85372C4C221BD8CB00122BFD /* OpenSans-ExtraBoldItalic.ttf */ = {isa = PBXFileReference; lastKnownFileType = file; path = "OpenSans-ExtraBoldItalic.ttf"; sourceTree = "<group>"; };
		85372C4D221BD8CB00122BFD /* OpenSans-Regular.ttf */ = {isa = PBXFileReference; lastKnownFileType = file; path = "OpenSans-Regular.ttf"; sourceTree = "<group>"; };
		85372C4E221BD8CB00122BFD /* OpenSans-BoldItalic.ttf */ = {isa = PBXFileReference; lastKnownFileType = file; path = "OpenSans-BoldItalic.ttf"; sourceTree = "<group>"; };
		85372C59221BD93600122BFD /* Appearance.swift */ = {isa = PBXFileReference; lastKnownFileType = sourcecode.swift; path = Appearance.swift; sourceTree = "<group>"; };
		85372C5B221C7C8F00122BFD /* SubscriberListItem.swift */ = {isa = PBXFileReference; lastKnownFileType = sourcecode.swift; path = SubscriberListItem.swift; sourceTree = "<group>"; };
		85372C5D221C819000122BFD /* SubscriberListSectionController.swift */ = {isa = PBXFileReference; lastKnownFileType = sourcecode.swift; path = SubscriberListSectionController.swift; sourceTree = "<group>"; };
		85372C61221C88D100122BFD /* SubscriberListItemCell.swift */ = {isa = PBXFileReference; lastKnownFileType = sourcecode.swift; path = SubscriberListItemCell.swift; sourceTree = "<group>"; };
		85372C62221C88D100122BFD /* SubscriberListItemCell.xib */ = {isa = PBXFileReference; lastKnownFileType = file.xib; path = SubscriberListItemCell.xib; sourceTree = "<group>"; };
		85372C65221CAAA300122BFD /* SubscriberListDataSource.swift */ = {isa = PBXFileReference; lastKnownFileType = sourcecode.swift; path = SubscriberListDataSource.swift; sourceTree = "<group>"; };
		B332FBB5F66C15F490C6A544 /* Pods-MailerLite.release.xcconfig */ = {isa = PBXFileReference; includeInIndex = 1; lastKnownFileType = text.xcconfig; name = "Pods-MailerLite.release.xcconfig"; path = "Pods/Target Support Files/Pods-MailerLite/Pods-MailerLite.release.xcconfig"; sourceTree = "<group>"; };
/* End PBXFileReference section */

/* Begin PBXFrameworksBuildPhase section */
		85372C14221B06DE00122BFD /* Frameworks */ = {
			isa = PBXFrameworksBuildPhase;
			buildActionMask = 2147483647;
			files = (
				4157513EC7BC834A5AE64521 /* Pods_MailerLite.framework in Frameworks */,
			);
			runOnlyForDeploymentPostprocessing = 0;
		};
/* End PBXFrameworksBuildPhase section */

/* Begin PBXGroup section */
		791F804268587DD0112A5540 /* Frameworks */ = {
			isa = PBXGroup;
			children = (
				7C557915191B993A1A05F8F0 /* Pods_MailerLite.framework */,
			);
			name = Frameworks;
			sourceTree = "<group>";
		};
		85372C0E221B06DE00122BFD = {
			isa = PBXGroup;
			children = (
				85372C19221B06DE00122BFD /* MailerLite */,
				85372C18221B06DE00122BFD /* Products */,
				CCF91D991085951363D42128 /* Pods */,
				791F804268587DD0112A5540 /* Frameworks */,
			);
			sourceTree = "<group>";
		};
		85372C18221B06DE00122BFD /* Products */ = {
			isa = PBXGroup;
			children = (
				85372C17221B06DE00122BFD /* MailerLite.app */,
			);
			name = Products;
			sourceTree = "<group>";
		};
		85372C19221B06DE00122BFD /* MailerLite */ = {
			isa = PBXGroup;
			children = (
				85372C42221BD8A300122BFD /* Resources */,
				85372C3F221B6F2500122BFD /* Utils */,
				85372C3A221B585400122BFD /* Model */,
				85372C5F221C882C00122BFD /* Views */,
				85372C33221B50EF00122BFD /* Services */,
				85372C1A221B06DE00122BFD /* AppDelegate.swift */,
				85372C38221B546600122BFD /* Constants.swift */,
				85372C3D221B6E8200122BFD /* MLNavigationController.swift */,
				85372C1C221B06DE00122BFD /* SubscriberListViewController.swift */,
				85372C65221CAAA300122BFD /* SubscriberListDataSource.swift */,
				85372C5D221C819000122BFD /* SubscriberListSectionController.swift */,
				85372C1E221B06DE00122BFD /* Main.storyboard */,
				85372C21221B06E100122BFD /* Assets.xcassets */,
				85372C23221B06E100122BFD /* LaunchScreen.storyboard */,
				85372C26221B06E100122BFD /* Info.plist */,
				85372C2D221B125600122BFD /* GoogleService-Info.plist */,
			);
			path = MailerLite;
			sourceTree = "<group>";
		};
		85372C33221B50EF00122BFD /* Services */ = {
			isa = PBXGroup;
			children = (
				85372C34221B50FB00122BFD /* FirebaseService.swift */,
				85372C36221B51E800122BFD /* FirebaseServiceFactory.swift */,
			);
			path = Services;
			sourceTree = "<group>";
		};
		85372C3A221B585400122BFD /* Model */ = {
			isa = PBXGroup;
			children = (
				85372C3B221B586500122BFD /* Subscriber.swift */,
				85372C5B221C7C8F00122BFD /* SubscriberListItem.swift */,
			);
			path = Model;
			sourceTree = "<group>";
		};
		85372C3F221B6F2500122BFD /* Utils */ = {
			isa = PBXGroup;
			children = (
				85372C59221BD93600122BFD /* Appearance.swift */,
				85372C40221B6F5100122BFD /* UIColorExtension.swift */,
			);
			path = Utils;
			sourceTree = "<group>";
		};
		85372C42221BD8A300122BFD /* Resources */ = {
			isa = PBXGroup;
			children = (
				85372C43221BD8B100122BFD /* Fonts */,
			);
			path = Resources;
			sourceTree = "<group>";
		};
		85372C43221BD8B100122BFD /* Fonts */ = {
			isa = PBXGroup;
			children = (
				85372C44221BD8CB00122BFD /* Open Sans */,
			);
			path = Fonts;
			sourceTree = "<group>";
		};
		85372C44221BD8CB00122BFD /* Open Sans */ = {
			isa = PBXGroup;
			children = (
				85372C45221BD8CB00122BFD /* OpenSans-Semibold.ttf */,
				85372C46221BD8CB00122BFD /* OpenSans-Light.ttf */,
				85372C47221BD8CB00122BFD /* OpenSans-Italic.ttf */,
				85372C48221BD8CB00122BFD /* OpenSans-ExtraBold.ttf */,
				85372C49221BD8CB00122BFD /* OpenSans-LightItalic.ttf */,
				85372C4A221BD8CB00122BFD /* OpenSans-Bold.ttf */,
				85372C4B221BD8CB00122BFD /* OpenSans-SemiboldItalic.ttf */,
				85372C4C221BD8CB00122BFD /* OpenSans-ExtraBoldItalic.ttf */,
				85372C4D221BD8CB00122BFD /* OpenSans-Regular.ttf */,
				85372C4E221BD8CB00122BFD /* OpenSans-BoldItalic.ttf */,
			);
			path = "Open Sans";
			sourceTree = "<group>";
		};
		85372C5F221C882C00122BFD /* Views */ = {
			isa = PBXGroup;
			children = (
				85372C60221C887600122BFD /* SubscriberListItemCell */,
			);
			path = Views;
			sourceTree = "<group>";
		};
		85372C60221C887600122BFD /* SubscriberListItemCell */ = {
			isa = PBXGroup;
			children = (
				85372C61221C88D100122BFD /* SubscriberListItemCell.swift */,
				85372C62221C88D100122BFD /* SubscriberListItemCell.xib */,
			);
			path = SubscriberListItemCell;
			sourceTree = "<group>";
		};
		CCF91D991085951363D42128 /* Pods */ = {
			isa = PBXGroup;
			children = (
				1A4B26E27682137E2200D405 /* Pods-MailerLite.debug.xcconfig */,
				B332FBB5F66C15F490C6A544 /* Pods-MailerLite.release.xcconfig */,
			);
			name = Pods;
			sourceTree = "<group>";
		};
/* End PBXGroup section */

/* Begin PBXNativeTarget section */
		85372C16221B06DE00122BFD /* MailerLite */ = {
			isa = PBXNativeTarget;
			buildConfigurationList = 85372C29221B06E100122BFD /* Build configuration list for PBXNativeTarget "MailerLite" */;
			buildPhases = (
				47A63C51F38C7DEE11FA5119 /* [CP] Check Pods Manifest.lock */,
				85372C13221B06DE00122BFD /* Sources */,
				85372C14221B06DE00122BFD /* Frameworks */,
				85372C15221B06DE00122BFD /* Resources */,
				37624DF3D856152725B4AADF /* [CP] Embed Pods Frameworks */,
			);
			buildRules = (
			);
			dependencies = (
			);
			name = MailerLite;
			productName = MailerLite;
			productReference = 85372C17221B06DE00122BFD /* MailerLite.app */;
			productType = "com.apple.product-type.application";
		};
/* End PBXNativeTarget section */

/* Begin PBXProject section */
		85372C0F221B06DE00122BFD /* Project object */ = {
			isa = PBXProject;
			attributes = {
				LastSwiftUpdateCheck = 1010;
				LastUpgradeCheck = 1010;
				ORGANIZATIONNAME = "Adam Bardon";
				TargetAttributes = {
					85372C16221B06DE00122BFD = {
						CreatedOnToolsVersion = 10.1;
					};
				};
			};
			buildConfigurationList = 85372C12221B06DE00122BFD /* Build configuration list for PBXProject "MailerLite" */;
			compatibilityVersion = "Xcode 9.3";
			developmentRegion = en;
			hasScannedForEncodings = 0;
			knownRegions = (
				en,
				Base,
			);
			mainGroup = 85372C0E221B06DE00122BFD;
			productRefGroup = 85372C18221B06DE00122BFD /* Products */;
			projectDirPath = "";
			projectRoot = "";
			targets = (
				85372C16221B06DE00122BFD /* MailerLite */,
			);
		};
/* End PBXProject section */

/* Begin PBXResourcesBuildPhase section */
		85372C15221B06DE00122BFD /* Resources */ = {
			isa = PBXResourcesBuildPhase;
			buildActionMask = 2147483647;
			files = (
				85372C64221C88D100122BFD /* SubscriberListItemCell.xib in Resources */,
				85372C50221BD8CB00122BFD /* OpenSans-Light.ttf in Resources */,
				85372C25221B06E100122BFD /* LaunchScreen.storyboard in Resources */,
				85372C2E221B125600122BFD /* GoogleService-Info.plist in Resources */,
				85372C52221BD8CB00122BFD /* OpenSans-ExtraBold.ttf in Resources */,
				85372C22221B06E100122BFD /* Assets.xcassets in Resources */,
				85372C20221B06DE00122BFD /* Main.storyboard in Resources */,
				85372C4F221BD8CB00122BFD /* OpenSans-Semibold.ttf in Resources */,
				85372C56221BD8CB00122BFD /* OpenSans-ExtraBoldItalic.ttf in Resources */,
				85372C51221BD8CB00122BFD /* OpenSans-Italic.ttf in Resources */,
				85372C54221BD8CB00122BFD /* OpenSans-Bold.ttf in Resources */,
				85372C58221BD8CB00122BFD /* OpenSans-BoldItalic.ttf in Resources */,
				85372C53221BD8CB00122BFD /* OpenSans-LightItalic.ttf in Resources */,
				85372C57221BD8CB00122BFD /* OpenSans-Regular.ttf in Resources */,
				85372C55221BD8CB00122BFD /* OpenSans-SemiboldItalic.ttf in Resources */,
			);
			runOnlyForDeploymentPostprocessing = 0;
		};
/* End PBXResourcesBuildPhase section */

/* Begin PBXShellScriptBuildPhase section */
		37624DF3D856152725B4AADF /* [CP] Embed Pods Frameworks */ = {
			isa = PBXShellScriptBuildPhase;
			buildActionMask = 2147483647;
			files = (
			);
			inputFileListPaths = (
			);
			inputPaths = (
				"${SRCROOT}/Pods/Target Support Files/Pods-MailerLite/Pods-MailerLite-frameworks.sh",
				"${BUILT_PRODUCTS_DIR}/BoringSSL/openssl.framework",
				"${BUILT_PRODUCTS_DIR}/GoogleToolboxForMac/GoogleToolboxForMac.framework",
				"${BUILT_PRODUCTS_DIR}/IGListKit/IGListKit.framework",
				"${BUILT_PRODUCTS_DIR}/Protobuf/Protobuf.framework",
				"${BUILT_PRODUCTS_DIR}/gRPC/GRPCClient.framework",
				"${BUILT_PRODUCTS_DIR}/gRPC-Core/grpc.framework",
				"${BUILT_PRODUCTS_DIR}/gRPC-ProtoRPC/ProtoRPC.framework",
				"${BUILT_PRODUCTS_DIR}/gRPC-RxLibrary/RxLibrary.framework",
				"${BUILT_PRODUCTS_DIR}/leveldb-library/leveldb.framework",
				"${BUILT_PRODUCTS_DIR}/nanopb/nanopb.framework",
			);
			name = "[CP] Embed Pods Frameworks";
			outputFileListPaths = (
			);
			outputPaths = (
				"${TARGET_BUILD_DIR}/${FRAMEWORKS_FOLDER_PATH}/openssl.framework",
				"${TARGET_BUILD_DIR}/${FRAMEWORKS_FOLDER_PATH}/GoogleToolboxForMac.framework",
				"${TARGET_BUILD_DIR}/${FRAMEWORKS_FOLDER_PATH}/IGListKit.framework",
				"${TARGET_BUILD_DIR}/${FRAMEWORKS_FOLDER_PATH}/Protobuf.framework",
				"${TARGET_BUILD_DIR}/${FRAMEWORKS_FOLDER_PATH}/GRPCClient.framework",
				"${TARGET_BUILD_DIR}/${FRAMEWORKS_FOLDER_PATH}/grpc.framework",
				"${TARGET_BUILD_DIR}/${FRAMEWORKS_FOLDER_PATH}/ProtoRPC.framework",
				"${TARGET_BUILD_DIR}/${FRAMEWORKS_FOLDER_PATH}/RxLibrary.framework",
				"${TARGET_BUILD_DIR}/${FRAMEWORKS_FOLDER_PATH}/leveldb.framework",
				"${TARGET_BUILD_DIR}/${FRAMEWORKS_FOLDER_PATH}/nanopb.framework",
			);
			runOnlyForDeploymentPostprocessing = 0;
			shellPath = /bin/sh;
			shellScript = "\"${SRCROOT}/Pods/Target Support Files/Pods-MailerLite/Pods-MailerLite-frameworks.sh\"\n";
			showEnvVarsInLog = 0;
		};
		47A63C51F38C7DEE11FA5119 /* [CP] Check Pods Manifest.lock */ = {
			isa = PBXShellScriptBuildPhase;
			buildActionMask = 2147483647;
			files = (
			);
			inputFileListPaths = (
			);
			inputPaths = (
				"${PODS_PODFILE_DIR_PATH}/Podfile.lock",
				"${PODS_ROOT}/Manifest.lock",
			);
			name = "[CP] Check Pods Manifest.lock";
			outputFileListPaths = (
			);
			outputPaths = (
				"$(DERIVED_FILE_DIR)/Pods-MailerLite-checkManifestLockResult.txt",
			);
			runOnlyForDeploymentPostprocessing = 0;
			shellPath = /bin/sh;
			shellScript = "diff \"${PODS_PODFILE_DIR_PATH}/Podfile.lock\" \"${PODS_ROOT}/Manifest.lock\" > /dev/null\nif [ $? != 0 ] ; then\n    # print error to STDERR\n    echo \"error: The sandbox is not in sync with the Podfile.lock. Run 'pod install' or update your CocoaPods installation.\" >&2\n    exit 1\nfi\n# This output is used by Xcode 'outputs' to avoid re-running this script phase.\necho \"SUCCESS\" > \"${SCRIPT_OUTPUT_FILE_0}\"\n";
			showEnvVarsInLog = 0;
		};
/* End PBXShellScriptBuildPhase section */

/* Begin PBXSourcesBuildPhase section */
		85372C13221B06DE00122BFD /* Sources */ = {
			isa = PBXSourcesBuildPhase;
			buildActionMask = 2147483647;
			files = (
				85372C5C221C7C8F00122BFD /* SubscriberListItem.swift in Sources */,
				85372C39221B546600122BFD /* Constants.swift in Sources */,
				85372C5A221BD93600122BFD /* Appearance.swift in Sources */,
				85372C1D221B06DE00122BFD /* SubscriberListViewController.swift in Sources */,
				85372C37221B51E800122BFD /* FirebaseServiceFactory.swift in Sources */,
				85372C66221CAAA300122BFD /* SubscriberListDataSource.swift in Sources */,
				85372C41221B6F5100122BFD /* UIColorExtension.swift in Sources */,
				85372C63221C88D100122BFD /* SubscriberListItemCell.swift in Sources */,
				85372C3C221B586500122BFD /* Subscriber.swift in Sources */,
				85372C3E221B6E8200122BFD /* MLNavigationController.swift in Sources */,
				85372C5E221C819000122BFD /* SubscriberListSectionController.swift in Sources */,
				85372C35221B50FB00122BFD /* FirebaseService.swift in Sources */,
				85372C1B221B06DE00122BFD /* AppDelegate.swift in Sources */,
			);
			runOnlyForDeploymentPostprocessing = 0;
		};
/* End PBXSourcesBuildPhase section */

/* Begin PBXVariantGroup section */
		85372C1E221B06DE00122BFD /* Main.storyboard */ = {
			isa = PBXVariantGroup;
			children = (
				85372C1F221B06DE00122BFD /* Base */,
			);
			name = Main.storyboard;
			sourceTree = "<group>";
		};
		85372C23221B06E100122BFD /* LaunchScreen.storyboard */ = {
			isa = PBXVariantGroup;
			children = (
				85372C24221B06E100122BFD /* Base */,
			);
			name = LaunchScreen.storyboard;
			sourceTree = "<group>";
		};
/* End PBXVariantGroup section */

/* Begin XCBuildConfiguration section */
		85372C27221B06E100122BFD /* Debug */ = {
			isa = XCBuildConfiguration;
			buildSettings = {
				ALWAYS_SEARCH_USER_PATHS = NO;
				CLANG_ANALYZER_NONNULL = YES;
				CLANG_ANALYZER_NUMBER_OBJECT_CONVERSION = YES_AGGRESSIVE;
				CLANG_CXX_LANGUAGE_STANDARD = "gnu++14";
				CLANG_CXX_LIBRARY = "libc++";
				CLANG_ENABLE_MODULES = YES;
				CLANG_ENABLE_OBJC_ARC = YES;
				CLANG_ENABLE_OBJC_WEAK = YES;
				CLANG_WARN_BLOCK_CAPTURE_AUTORELEASING = YES;
				CLANG_WARN_BOOL_CONVERSION = YES;
				CLANG_WARN_COMMA = YES;
				CLANG_WARN_CONSTANT_CONVERSION = YES;
				CLANG_WARN_DEPRECATED_OBJC_IMPLEMENTATIONS = YES;
				CLANG_WARN_DIRECT_OBJC_ISA_USAGE = YES_ERROR;
				CLANG_WARN_DOCUMENTATION_COMMENTS = YES;
				CLANG_WARN_EMPTY_BODY = YES;
				CLANG_WARN_ENUM_CONVERSION = YES;
				CLANG_WARN_INFINITE_RECURSION = YES;
				CLANG_WARN_INT_CONVERSION = YES;
				CLANG_WARN_NON_LITERAL_NULL_CONVERSION = YES;
				CLANG_WARN_OBJC_IMPLICIT_RETAIN_SELF = YES;
				CLANG_WARN_OBJC_LITERAL_CONVERSION = YES;
				CLANG_WARN_OBJC_ROOT_CLASS = YES_ERROR;
				CLANG_WARN_RANGE_LOOP_ANALYSIS = YES;
				CLANG_WARN_STRICT_PROTOTYPES = YES;
				CLANG_WARN_SUSPICIOUS_MOVE = YES;
				CLANG_WARN_UNGUARDED_AVAILABILITY = YES_AGGRESSIVE;
				CLANG_WARN_UNREACHABLE_CODE = YES;
				CLANG_WARN__DUPLICATE_METHOD_MATCH = YES;
				CODE_SIGN_IDENTITY = "iPhone Developer";
				COPY_PHASE_STRIP = NO;
				DEBUG_INFORMATION_FORMAT = dwarf;
				ENABLE_STRICT_OBJC_MSGSEND = YES;
				ENABLE_TESTABILITY = YES;
				GCC_C_LANGUAGE_STANDARD = gnu11;
				GCC_DYNAMIC_NO_PIC = NO;
				GCC_NO_COMMON_BLOCKS = YES;
				GCC_OPTIMIZATION_LEVEL = 0;
				GCC_PREPROCESSOR_DEFINITIONS = (
					"DEBUG=1",
					"$(inherited)",
				);
				GCC_WARN_64_TO_32_BIT_CONVERSION = YES;
				GCC_WARN_ABOUT_RETURN_TYPE = YES_ERROR;
				GCC_WARN_UNDECLARED_SELECTOR = YES;
				GCC_WARN_UNINITIALIZED_AUTOS = YES_AGGRESSIVE;
				GCC_WARN_UNUSED_FUNCTION = YES;
				GCC_WARN_UNUSED_VARIABLE = YES;
				IPHONEOS_DEPLOYMENT_TARGET = 12.1;
				MTL_ENABLE_DEBUG_INFO = INCLUDE_SOURCE;
				MTL_FAST_MATH = YES;
				ONLY_ACTIVE_ARCH = YES;
				SDKROOT = iphoneos;
				SWIFT_ACTIVE_COMPILATION_CONDITIONS = DEBUG;
				SWIFT_OPTIMIZATION_LEVEL = "-Onone";
			};
			name = Debug;
		};
		85372C28221B06E100122BFD /* Release */ = {
			isa = XCBuildConfiguration;
			buildSettings = {
				ALWAYS_SEARCH_USER_PATHS = NO;
				CLANG_ANALYZER_NONNULL = YES;
				CLANG_ANALYZER_NUMBER_OBJECT_CONVERSION = YES_AGGRESSIVE;
				CLANG_CXX_LANGUAGE_STANDARD = "gnu++14";
				CLANG_CXX_LIBRARY = "libc++";
				CLANG_ENABLE_MODULES = YES;
				CLANG_ENABLE_OBJC_ARC = YES;
				CLANG_ENABLE_OBJC_WEAK = YES;
				CLANG_WARN_BLOCK_CAPTURE_AUTORELEASING = YES;
				CLANG_WARN_BOOL_CONVERSION = YES;
				CLANG_WARN_COMMA = YES;
				CLANG_WARN_CONSTANT_CONVERSION = YES;
				CLANG_WARN_DEPRECATED_OBJC_IMPLEMENTATIONS = YES;
				CLANG_WARN_DIRECT_OBJC_ISA_USAGE = YES_ERROR;
				CLANG_WARN_DOCUMENTATION_COMMENTS = YES;
				CLANG_WARN_EMPTY_BODY = YES;
				CLANG_WARN_ENUM_CONVERSION = YES;
				CLANG_WARN_INFINITE_RECURSION = YES;
				CLANG_WARN_INT_CONVERSION = YES;
				CLANG_WARN_NON_LITERAL_NULL_CONVERSION = YES;
				CLANG_WARN_OBJC_IMPLICIT_RETAIN_SELF = YES;
				CLANG_WARN_OBJC_LITERAL_CONVERSION = YES;
				CLANG_WARN_OBJC_ROOT_CLASS = YES_ERROR;
				CLANG_WARN_RANGE_LOOP_ANALYSIS = YES;
				CLANG_WARN_STRICT_PROTOTYPES = YES;
				CLANG_WARN_SUSPICIOUS_MOVE = YES;
				CLANG_WARN_UNGUARDED_AVAILABILITY = YES_AGGRESSIVE;
				CLANG_WARN_UNREACHABLE_CODE = YES;
				CLANG_WARN__DUPLICATE_METHOD_MATCH = YES;
				CODE_SIGN_IDENTITY = "iPhone Developer";
				COPY_PHASE_STRIP = NO;
				DEBUG_INFORMATION_FORMAT = "dwarf-with-dsym";
				ENABLE_NS_ASSERTIONS = NO;
				ENABLE_STRICT_OBJC_MSGSEND = YES;
				GCC_C_LANGUAGE_STANDARD = gnu11;
				GCC_NO_COMMON_BLOCKS = YES;
				GCC_WARN_64_TO_32_BIT_CONVERSION = YES;
				GCC_WARN_ABOUT_RETURN_TYPE = YES_ERROR;
				GCC_WARN_UNDECLARED_SELECTOR = YES;
				GCC_WARN_UNINITIALIZED_AUTOS = YES_AGGRESSIVE;
				GCC_WARN_UNUSED_FUNCTION = YES;
				GCC_WARN_UNUSED_VARIABLE = YES;
				IPHONEOS_DEPLOYMENT_TARGET = 12.1;
				MTL_ENABLE_DEBUG_INFO = NO;
				MTL_FAST_MATH = YES;
				SDKROOT = iphoneos;
				SWIFT_COMPILATION_MODE = wholemodule;
				SWIFT_OPTIMIZATION_LEVEL = "-O";
				VALIDATE_PRODUCT = YES;
			};
			name = Release;
		};
		85372C2A221B06E100122BFD /* Debug */ = {
			isa = XCBuildConfiguration;
			baseConfigurationReference = 1A4B26E27682137E2200D405 /* Pods-MailerLite.debug.xcconfig */;
			buildSettings = {
				ASSETCATALOG_COMPILER_APPICON_NAME = AppIcon;
				CODE_SIGN_STYLE = Automatic;
				DEVELOPMENT_TEAM = B83J7RQML3;
				INFOPLIST_FILE = MailerLite/Info.plist;
				IPHONEOS_DEPLOYMENT_TARGET = 11.0;
				LD_RUNPATH_SEARCH_PATHS = (
					"$(inherited)",
					"@executable_path/Frameworks",
				);
				PRODUCT_BUNDLE_IDENTIFIER = com.adambardon.MailerLite;
				PRODUCT_NAME = "$(TARGET_NAME)";
				SWIFT_VERSION = 4.2;
				TARGETED_DEVICE_FAMILY = "1,2";
			};
			name = Debug;
		};
		85372C2B221B06E100122BFD /* Release */ = {
			isa = XCBuildConfiguration;
			baseConfigurationReference = B332FBB5F66C15F490C6A544 /* Pods-MailerLite.release.xcconfig */;
			buildSettings = {
				ASSETCATALOG_COMPILER_APPICON_NAME = AppIcon;
				CODE_SIGN_STYLE = Automatic;
				DEVELOPMENT_TEAM = B83J7RQML3;
				INFOPLIST_FILE = MailerLite/Info.plist;
				IPHONEOS_DEPLOYMENT_TARGET = 11.0;
				LD_RUNPATH_SEARCH_PATHS = (
					"$(inherited)",
					"@executable_path/Frameworks",
				);
				PRODUCT_BUNDLE_IDENTIFIER = com.adambardon.MailerLite;
				PRODUCT_NAME = "$(TARGET_NAME)";
				SWIFT_VERSION = 4.2;
				TARGETED_DEVICE_FAMILY = "1,2";
			};
			name = Release;
		};
/* End XCBuildConfiguration section */

/* Begin XCConfigurationList section */
		85372C12221B06DE00122BFD /* Build configuration list for PBXProject "MailerLite" */ = {
			isa = XCConfigurationList;
			buildConfigurations = (
				85372C27221B06E100122BFD /* Debug */,
				85372C28221B06E100122BFD /* Release */,
			);
			defaultConfigurationIsVisible = 0;
			defaultConfigurationName = Release;
		};
		85372C29221B06E100122BFD /* Build configuration list for PBXNativeTarget "MailerLite" */ = {
			isa = XCConfigurationList;
			buildConfigurations = (
				85372C2A221B06E100122BFD /* Debug */,
				85372C2B221B06E100122BFD /* Release */,
			);
			defaultConfigurationIsVisible = 0;
			defaultConfigurationName = Release;
		};
/* End XCConfigurationList section */
	};
	rootObject = 85372C0F221B06DE00122BFD /* Project object */;
}
